// !$*UTF8*$!
{
	archiveVersion = 1;
	classes = {
	};
	objectVersion = 46;
	objects = {

/* Begin PBXBuildFile section */
		EB39DE251770D8BA00442F3A /* USLocation.m in Sources */ = {isa = PBXBuildFile; fileRef = EB39DE241770D8BA00442F3A /* USLocation.m */; };
		EB39DE2D1770E28600442F3A /* AddCityViewController.m in Sources */ = {isa = PBXBuildFile; fileRef = EB39DE2C1770E28600442F3A /* AddCityViewController.m */; };
		EB3A2D641764F51D00DC9F71 /* Reachability.m in Sources */ = {isa = PBXBuildFile; fileRef = EB3A2D631764F51D00DC9F71 /* Reachability.m */; settings = {COMPILER_FLAGS = "-fno-objc-arc"; }; };
		EB3A2D661764F54E00DC9F71 /* AVFoundation.framework in Frameworks */ = {isa = PBXBuildFile; fileRef = EB3A2D651764F54E00DC9F71 /* AVFoundation.framework */; };
		EB3A2D681764F55400DC9F71 /* MobileCoreServices.framework in Frameworks */ = {isa = PBXBuildFile; fileRef = EB3A2D671764F55400DC9F71 /* MobileCoreServices.framework */; };
		EB3A2D6A1764F55800DC9F71 /* SystemConfiguration.framework in Frameworks */ = {isa = PBXBuildFile; fileRef = EB3A2D691764F55800DC9F71 /* SystemConfiguration.framework */; };
		EB3A2D6E1764F56200DC9F71 /* CoreLocation.framework in Frameworks */ = {isa = PBXBuildFile; fileRef = EB3A2D6D1764F56200DC9F71 /* CoreLocation.framework */; };
		EB3A2D701764F56600DC9F71 /* AddressBookUI.framework in Frameworks */ = {isa = PBXBuildFile; fileRef = EB3A2D6F1764F56600DC9F71 /* AddressBookUI.framework */; };
		EB3A2DC71765079D00DC9F71 /* UIImage+StackBlur.m in Sources */ = {isa = PBXBuildFile; fileRef = EB3A2DC61765079D00DC9F71 /* UIImage+StackBlur.m */; };
		EB72367E176414310041BD39 /* UIKit.framework in Frameworks */ = {isa = PBXBuildFile; fileRef = EB72367D176414310041BD39 /* UIKit.framework */; };
		EB723680176414310041BD39 /* Foundation.framework in Frameworks */ = {isa = PBXBuildFile; fileRef = EB72367F176414310041BD39 /* Foundation.framework */; };
		EB723682176414310041BD39 /* CoreGraphics.framework in Frameworks */ = {isa = PBXBuildFile; fileRef = EB723681176414310041BD39 /* CoreGraphics.framework */; };
		EB723688176414310041BD39 /* InfoPlist.strings in Resources */ = {isa = PBXBuildFile; fileRef = EB723686176414310041BD39 /* InfoPlist.strings */; };
		EB72368A176414310041BD39 /* main.m in Sources */ = {isa = PBXBuildFile; fileRef = EB723689176414310041BD39 /* main.m */; };
		EB72368E176414310041BD39 /* AppDelegate.m in Sources */ = {isa = PBXBuildFile; fileRef = EB72368D176414310041BD39 /* AppDelegate.m */; };
		EB723697176414310041BD39 /* ViewController.m in Sources */ = {isa = PBXBuildFile; fileRef = EB723696176414310041BD39 /* ViewController.m */; };
		EB7236A6176414310041BD39 /* UIKit.framework in Frameworks */ = {isa = PBXBuildFile; fileRef = EB72367D176414310041BD39 /* UIKit.framework */; };
		EB7236A7176414310041BD39 /* Foundation.framework in Frameworks */ = {isa = PBXBuildFile; fileRef = EB72367F176414310041BD39 /* Foundation.framework */; };
		EB7236AF176414310041BD39 /* InfoPlist.strings in Resources */ = {isa = PBXBuildFile; fileRef = EB7236AD176414310041BD39 /* InfoPlist.strings */; };
		EB7236B2176414310041BD39 /* Wear_PantsTests.m in Sources */ = {isa = PBXBuildFile; fileRef = EB7236B1176414310041BD39 /* Wear_PantsTests.m */; };
		EB7236F5176415230041BD39 /* QuartzCore.framework in Frameworks */ = {isa = PBXBuildFile; fileRef = EB7236F4176415230041BD39 /* QuartzCore.framework */; };
		EB7D3790177249C600D331C7 /* ViewControllerDelegate.h in Resources */ = {isa = PBXBuildFile; fileRef = EB7D378F177248A700D331C7 /* ViewControllerDelegate.h */; };
		EB87E3F51A649824004F6B9A /* Images.xcassets in Resources */ = {isa = PBXBuildFile; fileRef = EB87E3F41A649824004F6B9A /* Images.xcassets */; };
		EBDDAF8D1A7716A5006EBA49 /* MMDrawerBarButtonItem.m in Sources */ = {isa = PBXBuildFile; fileRef = EBDDAF7A1A7716A5006EBA49 /* MMDrawerBarButtonItem.m */; };
		EBDDAF8E1A7716A5006EBA49 /* MMDrawerController.m in Sources */ = {isa = PBXBuildFile; fileRef = EBDDAF7C1A7716A5006EBA49 /* MMDrawerController.m */; };
		EBDDAF8F1A7716A5006EBA49 /* MMDrawerVisualState.m in Sources */ = {isa = PBXBuildFile; fileRef = EBDDAF7E1A7716A5006EBA49 /* MMDrawerVisualState.m */; };
		EBDDAF901A7716A5006EBA49 /* MMExampleDrawerVisualStateManager.m in Sources */ = {isa = PBXBuildFile; fileRef = EBDDAF801A7716A5006EBA49 /* MMExampleDrawerVisualStateManager.m */; };
		EBDDAF911A7716A5006EBA49 /* MMExampleLeftSideDrawerViewController.m in Sources */ = {isa = PBXBuildFile; fileRef = EBDDAF821A7716A5006EBA49 /* MMExampleLeftSideDrawerViewController.m */; };
		EBDDAF921A7716A5006EBA49 /* MMExampleSideDrawerViewController.m in Sources */ = {isa = PBXBuildFile; fileRef = EBDDAF841A7716A5006EBA49 /* MMExampleSideDrawerViewController.m */; };
		EBDDAF931A7716A5006EBA49 /* MMSideDrawerSectionHeaderView.m in Sources */ = {isa = PBXBuildFile; fileRef = EBDDAF861A7716A5006EBA49 /* MMSideDrawerSectionHeaderView.m */; };
		EBDDAF941A7716A5006EBA49 /* MMSideDrawerTableViewCell.m in Sources */ = {isa = PBXBuildFile; fileRef = EBDDAF881A7716A5006EBA49 /* MMSideDrawerTableViewCell.m */; };
		EBDDAF951A7716A5006EBA49 /* MMTableViewCell.m in Sources */ = {isa = PBXBuildFile; fileRef = EBDDAF8A1A7716A5006EBA49 /* MMTableViewCell.m */; };
		EBDDAF961A7716A5006EBA49 /* UIViewController+MMDrawerController.m in Sources */ = {isa = PBXBuildFile; fileRef = EBDDAF8C1A7716A5006EBA49 /* UIViewController+MMDrawerController.m */; };
		EBDDAF991A771CBE006EBA49 /* RobotoFont.m in Sources */ = {isa = PBXBuildFile; fileRef = EBDDAF981A771CBE006EBA49 /* RobotoFont.m */; };
		EBDDAFA01A772620006EBA49 /* MenuBarButton.m in Sources */ = {isa = PBXBuildFile; fileRef = EBDDAF9F1A772620006EBA49 /* MenuBarButton.m */; };
		EBDDAFA51A772EDB006EBA49 /* PredictionButton.m in Sources */ = {isa = PBXBuildFile; fileRef = EBDDAFA41A772EDB006EBA49 /* PredictionButton.m */; };
		EBDDAFB11A7737A5006EBA49 /* DefaultBackground.jpg in Resources */ = {isa = PBXBuildFile; fileRef = EBDDAFA61A7737A5006EBA49 /* DefaultBackground.jpg */; };
		EBDDAFB21A7737A5006EBA49 /* MenuButton.png in Resources */ = {isa = PBXBuildFile; fileRef = EBDDAFA71A7737A5006EBA49 /* MenuButton.png */; };
		EBDDAFB31A7737A5006EBA49 /* MenuButton@2x.png in Resources */ = {isa = PBXBuildFile; fileRef = EBDDAFA81A7737A5006EBA49 /* MenuButton@2x.png */; };
		EBDDAFB41A7737A5006EBA49 /* PlusIcon.png in Resources */ = {isa = PBXBuildFile; fileRef = EBDDAFA91A7737A5006EBA49 /* PlusIcon.png */; };
		EBDDAFB51A7737A5006EBA49 /* PlusIcon@2x.png in Resources */ = {isa = PBXBuildFile; fileRef = EBDDAFAA1A7737A5006EBA49 /* PlusIcon@2x.png */; };
		EBDDAFB61A7737A5006EBA49 /* PredictButton_Selected.png in Resources */ = {isa = PBXBuildFile; fileRef = EBDDAFAB1A7737A5006EBA49 /* PredictButton_Selected.png */; };
		EBDDAFB71A7737A5006EBA49 /* PredictButton_Selected@2x.png in Resources */ = {isa = PBXBuildFile; fileRef = EBDDAFAC1A7737A5006EBA49 /* PredictButton_Selected@2x.png */; };
		EBDDAFB81A7737A5006EBA49 /* PredictButton.png in Resources */ = {isa = PBXBuildFile; fileRef = EBDDAFAD1A7737A5006EBA49 /* PredictButton.png */; };
		EBDDAFB91A7737A5006EBA49 /* PredictButton@2x.png in Resources */ = {isa = PBXBuildFile; fileRef = EBDDAFAE1A7737A5006EBA49 /* PredictButton@2x.png */; };
		EBDDAFBA1A7737A5006EBA49 /* Roboto-Light.ttf in Resources */ = {isa = PBXBuildFile; fileRef = EBDDAFAF1A7737A5006EBA49 /* Roboto-Light.ttf */; };
		EBDDAFBB1A7737A5006EBA49 /* Roboto-Medium.ttf in Resources */ = {isa = PBXBuildFile; fileRef = EBDDAFB01A7737A5006EBA49 /* Roboto-Medium.ttf */; };
		EBDDAFD21A773D6C006EBA49 /* cloudy.html in Resources */ = {isa = PBXBuildFile; fileRef = EBDDAFBD1A773D6C006EBA49 /* cloudy.html */; };
		EBDDAFD31A773D6C006EBA49 /* cloudy1.html in Resources */ = {isa = PBXBuildFile; fileRef = EBDDAFBE1A773D6C006EBA49 /* cloudy1.html */; };
		EBDDAFD41A773D6C006EBA49 /* fog.html in Resources */ = {isa = PBXBuildFile; fileRef = EBDDAFBF1A773D6C006EBA49 /* fog.html */; };
		EBDDAFD51A773D6C006EBA49 /* fog1.html in Resources */ = {isa = PBXBuildFile; fileRef = EBDDAFC01A773D6C006EBA49 /* fog1.html */; };
		EBDDAFD61A773D6C006EBA49 /* nightclear.html in Resources */ = {isa = PBXBuildFile; fileRef = EBDDAFC11A773D6C006EBA49 /* nightclear.html */; };
		EBDDAFD71A773D6C006EBA49 /* nightclear1.html in Resources */ = {isa = PBXBuildFile; fileRef = EBDDAFC21A773D6C006EBA49 /* nightclear1.html */; };
		EBDDAFD81A773D6C006EBA49 /* partlycloudyday.html in Resources */ = {isa = PBXBuildFile; fileRef = EBDDAFC31A773D6C006EBA49 /* partlycloudyday.html */; };
		EBDDAFD91A773D6C006EBA49 /* partlycloudyday1.html in Resources */ = {isa = PBXBuildFile; fileRef = EBDDAFC41A773D6C006EBA49 /* partlycloudyday1.html */; };
		EBDDAFDA1A773D6C006EBA49 /* partlycloudynight.html in Resources */ = {isa = PBXBuildFile; fileRef = EBDDAFC51A773D6C006EBA49 /* partlycloudynight.html */; };
		EBDDAFDB1A773D6C006EBA49 /* partlycloudynight1.html in Resources */ = {isa = PBXBuildFile; fileRef = EBDDAFC61A773D6C006EBA49 /* partlycloudynight1.html */; };
		EBDDAFDC1A773D6C006EBA49 /* rain.html in Resources */ = {isa = PBXBuildFile; fileRef = EBDDAFC71A773D6C006EBA49 /* rain.html */; };
		EBDDAFDD1A773D6C006EBA49 /* rain1.html in Resources */ = {isa = PBXBuildFile; fileRef = EBDDAFC81A773D6C006EBA49 /* rain1.html */; };
		EBDDAFDE1A773D6C006EBA49 /* skycons.js in Resources */ = {isa = PBXBuildFile; fileRef = EBDDAFC91A773D6C006EBA49 /* skycons.js */; };
		EBDDAFDF1A773D6C006EBA49 /* sleet.html in Resources */ = {isa = PBXBuildFile; fileRef = EBDDAFCA1A773D6C006EBA49 /* sleet.html */; };
		EBDDAFE01A773D6C006EBA49 /* sleet1.html in Resources */ = {isa = PBXBuildFile; fileRef = EBDDAFCB1A773D6C006EBA49 /* sleet1.html */; };
		EBDDAFE11A773D6C006EBA49 /* snow.html in Resources */ = {isa = PBXBuildFile; fileRef = EBDDAFCC1A773D6C006EBA49 /* snow.html */; };
		EBDDAFE21A773D6C006EBA49 /* snow1.html in Resources */ = {isa = PBXBuildFile; fileRef = EBDDAFCD1A773D6C006EBA49 /* snow1.html */; };
		EBDDAFE31A773D6C006EBA49 /* sun.html in Resources */ = {isa = PBXBuildFile; fileRef = EBDDAFCE1A773D6C006EBA49 /* sun.html */; };
		EBDDAFE41A773D6C006EBA49 /* sun1.html in Resources */ = {isa = PBXBuildFile; fileRef = EBDDAFCF1A773D6C006EBA49 /* sun1.html */; };
		EBDDAFE51A773D6C006EBA49 /* wind.html in Resources */ = {isa = PBXBuildFile; fileRef = EBDDAFD01A773D6C006EBA49 /* wind.html */; };
		EBDDAFE61A773D6C006EBA49 /* wind1.html in Resources */ = {isa = PBXBuildFile; fileRef = EBDDAFD11A773D6C006EBA49 /* wind1.html */; };
		EBDDAFE91A773DA1006EBA49 /* WeatherData.m in Sources */ = {isa = PBXBuildFile; fileRef = EBDDAFE81A773DA1006EBA49 /* WeatherData.m */; };
		EBDDAFEC1A777672006EBA49 /* AnimatedWeatherView.m in Sources */ = {isa = PBXBuildFile; fileRef = EBDDAFEB1A777672006EBA49 /* AnimatedWeatherView.m */; };
		EBDDAFEF1A777934006EBA49 /* DetailedWeatherReport.m in Sources */ = {isa = PBXBuildFile; fileRef = EBDDAFEE1A777934006EBA49 /* DetailedWeatherReport.m */; };
		EBE2898A17714AB000E0CFB0 /* MainStoryboard.storyboard in Resources */ = {isa = PBXBuildFile; fileRef = EBE2898917714AB000E0CFB0 /* MainStoryboard.storyboard */; };
/* End PBXBuildFile section */

/* Begin PBXContainerItemProxy section */
		EB7236A8176414310041BD39 /* PBXContainerItemProxy */ = {
			isa = PBXContainerItemProxy;
			containerPortal = EB723672176414310041BD39 /* Project object */;
			proxyType = 1;
			remoteGlobalIDString = EB723679176414310041BD39;
			remoteInfo = "Wear Pants";
		};
/* End PBXContainerItemProxy section */

/* Begin PBXFileReference section */
		EB39DE221770D31E00442F3A /* USLocation.h */ = {isa = PBXFileReference; fileEncoding = 4; lastKnownFileType = sourcecode.c.h; path = USLocation.h; sourceTree = "<group>"; };
		EB39DE241770D8BA00442F3A /* USLocation.m */ = {isa = PBXFileReference; fileEncoding = 4; lastKnownFileType = sourcecode.c.objc; path = USLocation.m; sourceTree = "<group>"; };
		EB39DE2B1770E28600442F3A /* AddCityViewController.h */ = {isa = PBXFileReference; fileEncoding = 4; lastKnownFileType = sourcecode.c.h; name = AddCityViewController.h; path = ../AddCityViewController.h; sourceTree = "<group>"; };
		EB39DE2C1770E28600442F3A /* AddCityViewController.m */ = {isa = PBXFileReference; fileEncoding = 4; lastKnownFileType = sourcecode.c.objc; name = AddCityViewController.m; path = ../AddCityViewController.m; sourceTree = "<group>"; };
		EB3A2D621764F51D00DC9F71 /* Reachability.h */ = {isa = PBXFileReference; fileEncoding = 4; lastKnownFileType = sourcecode.c.h; path = Reachability.h; sourceTree = "<group>"; };
		EB3A2D631764F51D00DC9F71 /* Reachability.m */ = {isa = PBXFileReference; fileEncoding = 4; lastKnownFileType = sourcecode.c.objc; path = Reachability.m; sourceTree = "<group>"; };
		EB3A2D651764F54E00DC9F71 /* AVFoundation.framework */ = {isa = PBXFileReference; lastKnownFileType = wrapper.framework; name = AVFoundation.framework; path = System/Library/Frameworks/AVFoundation.framework; sourceTree = SDKROOT; };
		EB3A2D671764F55400DC9F71 /* MobileCoreServices.framework */ = {isa = PBXFileReference; lastKnownFileType = wrapper.framework; name = MobileCoreServices.framework; path = System/Library/Frameworks/MobileCoreServices.framework; sourceTree = SDKROOT; };
		EB3A2D691764F55800DC9F71 /* SystemConfiguration.framework */ = {isa = PBXFileReference; lastKnownFileType = wrapper.framework; name = SystemConfiguration.framework; path = System/Library/Frameworks/SystemConfiguration.framework; sourceTree = SDKROOT; };
		EB3A2D6B1764F55C00DC9F71 /* MapKit.framework */ = {isa = PBXFileReference; lastKnownFileType = wrapper.framework; name = MapKit.framework; path = System/Library/Frameworks/MapKit.framework; sourceTree = SDKROOT; };
		EB3A2D6D1764F56200DC9F71 /* CoreLocation.framework */ = {isa = PBXFileReference; lastKnownFileType = wrapper.framework; name = CoreLocation.framework; path = System/Library/Frameworks/CoreLocation.framework; sourceTree = SDKROOT; };
		EB3A2D6F1764F56600DC9F71 /* AddressBookUI.framework */ = {isa = PBXFileReference; lastKnownFileType = wrapper.framework; name = AddressBookUI.framework; path = System/Library/Frameworks/AddressBookUI.framework; sourceTree = SDKROOT; };
		EB3A2DC51765079C00DC9F71 /* UIImage+StackBlur.h */ = {isa = PBXFileReference; fileEncoding = 4; lastKnownFileType = sourcecode.c.h; path = "UIImage+StackBlur.h"; sourceTree = "<group>"; };
		EB3A2DC61765079D00DC9F71 /* UIImage+StackBlur.m */ = {isa = PBXFileReference; fileEncoding = 4; lastKnownFileType = sourcecode.c.objc; path = "UIImage+StackBlur.m"; sourceTree = "<group>"; };
		EB72367A176414310041BD39 /* Wear Pants.app */ = {isa = PBXFileReference; explicitFileType = wrapper.application; includeInIndex = 0; path = "Wear Pants.app"; sourceTree = BUILT_PRODUCTS_DIR; };
		EB72367D176414310041BD39 /* UIKit.framework */ = {isa = PBXFileReference; lastKnownFileType = wrapper.framework; name = UIKit.framework; path = System/Library/Frameworks/UIKit.framework; sourceTree = SDKROOT; };
		EB72367F176414310041BD39 /* Foundation.framework */ = {isa = PBXFileReference; lastKnownFileType = wrapper.framework; name = Foundation.framework; path = System/Library/Frameworks/Foundation.framework; sourceTree = SDKROOT; };
		EB723681176414310041BD39 /* CoreGraphics.framework */ = {isa = PBXFileReference; lastKnownFileType = wrapper.framework; name = CoreGraphics.framework; path = System/Library/Frameworks/CoreGraphics.framework; sourceTree = SDKROOT; };
		EB723685176414310041BD39 /* Wear Pants-Info.plist */ = {isa = PBXFileReference; lastKnownFileType = text.plist.xml; path = "Wear Pants-Info.plist"; sourceTree = "<group>"; };
		EB723687176414310041BD39 /* en */ = {isa = PBXFileReference; lastKnownFileType = text.plist.strings; name = en; path = en.lproj/InfoPlist.strings; sourceTree = "<group>"; };
		EB723689176414310041BD39 /* main.m */ = {isa = PBXFileReference; lastKnownFileType = sourcecode.c.objc; path = main.m; sourceTree = "<group>"; };
		EB72368B176414310041BD39 /* Wear Pants-Prefix.pch */ = {isa = PBXFileReference; lastKnownFileType = sourcecode.c.h; path = "Wear Pants-Prefix.pch"; sourceTree = "<group>"; };
		EB72368C176414310041BD39 /* AppDelegate.h */ = {isa = PBXFileReference; lastKnownFileType = sourcecode.c.h; path = AppDelegate.h; sourceTree = "<group>"; };
		EB72368D176414310041BD39 /* AppDelegate.m */ = {isa = PBXFileReference; lastKnownFileType = sourcecode.c.objc; path = AppDelegate.m; sourceTree = "<group>"; };
		EB723695176414310041BD39 /* ViewController.h */ = {isa = PBXFileReference; lastKnownFileType = sourcecode.c.h; path = ViewController.h; sourceTree = "<group>"; };
		EB723696176414310041BD39 /* ViewController.m */ = {isa = PBXFileReference; lastKnownFileType = sourcecode.c.objc; path = ViewController.m; sourceTree = "<group>"; };
		EB7236A3176414310041BD39 /* Wear PantsTests.xctest */ = {isa = PBXFileReference; explicitFileType = wrapper.cfbundle; includeInIndex = 0; path = "Wear PantsTests.xctest"; sourceTree = BUILT_PRODUCTS_DIR; };
		EB7236AC176414310041BD39 /* Wear PantsTests-Info.plist */ = {isa = PBXFileReference; lastKnownFileType = text.plist.xml; path = "Wear PantsTests-Info.plist"; sourceTree = "<group>"; };
		EB7236AE176414310041BD39 /* en */ = {isa = PBXFileReference; lastKnownFileType = text.plist.strings; name = en; path = en.lproj/InfoPlist.strings; sourceTree = "<group>"; };
		EB7236B0176414310041BD39 /* Wear_PantsTests.h */ = {isa = PBXFileReference; lastKnownFileType = sourcecode.c.h; path = Wear_PantsTests.h; sourceTree = "<group>"; };
		EB7236B1176414310041BD39 /* Wear_PantsTests.m */ = {isa = PBXFileReference; lastKnownFileType = sourcecode.c.objc; path = Wear_PantsTests.m; sourceTree = "<group>"; };
		EB7236F4176415230041BD39 /* QuartzCore.framework */ = {isa = PBXFileReference; lastKnownFileType = wrapper.framework; name = QuartzCore.framework; path = System/Library/Frameworks/QuartzCore.framework; sourceTree = SDKROOT; };
		EB7D378F177248A700D331C7 /* ViewControllerDelegate.h */ = {isa = PBXFileReference; fileEncoding = 4; lastKnownFileType = sourcecode.c.h; name = ViewControllerDelegate.h; path = ../ViewControllerDelegate.h; sourceTree = "<group>"; };
		EB87E3F41A649824004F6B9A /* Images.xcassets */ = {isa = PBXFileReference; lastKnownFileType = folder.assetcatalog; path = Images.xcassets; sourceTree = "<group>"; };
		EBDDAF791A7716A5006EBA49 /* MMDrawerBarButtonItem.h */ = {isa = PBXFileReference; fileEncoding = 4; lastKnownFileType = sourcecode.c.h; name = MMDrawerBarButtonItem.h; path = "Drawer Classes/MMDrawerBarButtonItem.h"; sourceTree = "<group>"; };
		EBDDAF7A1A7716A5006EBA49 /* MMDrawerBarButtonItem.m */ = {isa = PBXFileReference; fileEncoding = 4; lastKnownFileType = sourcecode.c.objc; name = MMDrawerBarButtonItem.m; path = "Drawer Classes/MMDrawerBarButtonItem.m"; sourceTree = "<group>"; };
		EBDDAF7B1A7716A5006EBA49 /* MMDrawerController.h */ = {isa = PBXFileReference; fileEncoding = 4; lastKnownFileType = sourcecode.c.h; name = MMDrawerController.h; path = "Drawer Classes/MMDrawerController.h"; sourceTree = "<group>"; };
		EBDDAF7C1A7716A5006EBA49 /* MMDrawerController.m */ = {isa = PBXFileReference; fileEncoding = 4; lastKnownFileType = sourcecode.c.objc; name = MMDrawerController.m; path = "Drawer Classes/MMDrawerController.m"; sourceTree = "<group>"; };
		EBDDAF7D1A7716A5006EBA49 /* MMDrawerVisualState.h */ = {isa = PBXFileReference; fileEncoding = 4; lastKnownFileType = sourcecode.c.h; name = MMDrawerVisualState.h; path = "Drawer Classes/MMDrawerVisualState.h"; sourceTree = "<group>"; };
		EBDDAF7E1A7716A5006EBA49 /* MMDrawerVisualState.m */ = {isa = PBXFileReference; fileEncoding = 4; lastKnownFileType = sourcecode.c.objc; name = MMDrawerVisualState.m; path = "Drawer Classes/MMDrawerVisualState.m"; sourceTree = "<group>"; };
		EBDDAF7F1A7716A5006EBA49 /* MMExampleDrawerVisualStateManager.h */ = {isa = PBXFileReference; fileEncoding = 4; lastKnownFileType = sourcecode.c.h; name = MMExampleDrawerVisualStateManager.h; path = "Drawer Classes/MMExampleDrawerVisualStateManager.h"; sourceTree = "<group>"; };
		EBDDAF801A7716A5006EBA49 /* MMExampleDrawerVisualStateManager.m */ = {isa = PBXFileReference; fileEncoding = 4; lastKnownFileType = sourcecode.c.objc; name = MMExampleDrawerVisualStateManager.m; path = "Drawer Classes/MMExampleDrawerVisualStateManager.m"; sourceTree = "<group>"; };
		EBDDAF811A7716A5006EBA49 /* MMExampleLeftSideDrawerViewController.h */ = {isa = PBXFileReference; fileEncoding = 4; lastKnownFileType = sourcecode.c.h; name = MMExampleLeftSideDrawerViewController.h; path = "Drawer Classes/MMExampleLeftSideDrawerViewController.h"; sourceTree = "<group>"; };
		EBDDAF821A7716A5006EBA49 /* MMExampleLeftSideDrawerViewController.m */ = {isa = PBXFileReference; fileEncoding = 4; lastKnownFileType = sourcecode.c.objc; name = MMExampleLeftSideDrawerViewController.m; path = "Drawer Classes/MMExampleLeftSideDrawerViewController.m"; sourceTree = "<group>"; };
		EBDDAF831A7716A5006EBA49 /* MMExampleSideDrawerViewController.h */ = {isa = PBXFileReference; fileEncoding = 4; lastKnownFileType = sourcecode.c.h; name = MMExampleSideDrawerViewController.h; path = "Drawer Classes/MMExampleSideDrawerViewController.h"; sourceTree = "<group>"; };
		EBDDAF841A7716A5006EBA49 /* MMExampleSideDrawerViewController.m */ = {isa = PBXFileReference; fileEncoding = 4; lastKnownFileType = sourcecode.c.objc; name = MMExampleSideDrawerViewController.m; path = "Drawer Classes/MMExampleSideDrawerViewController.m"; sourceTree = "<group>"; };
		EBDDAF851A7716A5006EBA49 /* MMSideDrawerSectionHeaderView.h */ = {isa = PBXFileReference; fileEncoding = 4; lastKnownFileType = sourcecode.c.h; name = MMSideDrawerSectionHeaderView.h; path = "Drawer Classes/MMSideDrawerSectionHeaderView.h"; sourceTree = "<group>"; };
		EBDDAF861A7716A5006EBA49 /* MMSideDrawerSectionHeaderView.m */ = {isa = PBXFileReference; fileEncoding = 4; lastKnownFileType = sourcecode.c.objc; name = MMSideDrawerSectionHeaderView.m; path = "Drawer Classes/MMSideDrawerSectionHeaderView.m"; sourceTree = "<group>"; };
		EBDDAF871A7716A5006EBA49 /* MMSideDrawerTableViewCell.h */ = {isa = PBXFileReference; fileEncoding = 4; lastKnownFileType = sourcecode.c.h; name = MMSideDrawerTableViewCell.h; path = "Drawer Classes/MMSideDrawerTableViewCell.h"; sourceTree = "<group>"; };
		EBDDAF881A7716A5006EBA49 /* MMSideDrawerTableViewCell.m */ = {isa = PBXFileReference; fileEncoding = 4; lastKnownFileType = sourcecode.c.objc; name = MMSideDrawerTableViewCell.m; path = "Drawer Classes/MMSideDrawerTableViewCell.m"; sourceTree = "<group>"; };
		EBDDAF891A7716A5006EBA49 /* MMTableViewCell.h */ = {isa = PBXFileReference; fileEncoding = 4; lastKnownFileType = sourcecode.c.h; name = MMTableViewCell.h; path = "Drawer Classes/MMTableViewCell.h"; sourceTree = "<group>"; };
		EBDDAF8A1A7716A5006EBA49 /* MMTableViewCell.m */ = {isa = PBXFileReference; fileEncoding = 4; lastKnownFileType = sourcecode.c.objc; name = MMTableViewCell.m; path = "Drawer Classes/MMTableViewCell.m"; sourceTree = "<group>"; };
		EBDDAF8B1A7716A5006EBA49 /* UIViewController+MMDrawerController.h */ = {isa = PBXFileReference; fileEncoding = 4; lastKnownFileType = sourcecode.c.h; name = "UIViewController+MMDrawerController.h"; path = "Drawer Classes/UIViewController+MMDrawerController.h"; sourceTree = "<group>"; };
		EBDDAF8C1A7716A5006EBA49 /* UIViewController+MMDrawerController.m */ = {isa = PBXFileReference; fileEncoding = 4; lastKnownFileType = sourcecode.c.objc; name = "UIViewController+MMDrawerController.m"; path = "Drawer Classes/UIViewController+MMDrawerController.m"; sourceTree = "<group>"; };
		EBDDAF971A771CBE006EBA49 /* RobotoFont.h */ = {isa = PBXFileReference; fileEncoding = 4; lastKnownFileType = sourcecode.c.h; name = RobotoFont.h; path = "Interface Classes/RobotoFont.h"; sourceTree = "<group>"; };
		EBDDAF981A771CBE006EBA49 /* RobotoFont.m */ = {isa = PBXFileReference; fileEncoding = 4; lastKnownFileType = sourcecode.c.objc; name = RobotoFont.m; path = "Interface Classes/RobotoFont.m"; sourceTree = "<group>"; };
		EBDDAF9E1A772620006EBA49 /* MenuBarButton.h */ = {isa = PBXFileReference; fileEncoding = 4; lastKnownFileType = sourcecode.c.h; name = MenuBarButton.h; path = "Interface Classes/MenuBarButton.h"; sourceTree = "<group>"; };
		EBDDAF9F1A772620006EBA49 /* MenuBarButton.m */ = {isa = PBXFileReference; fileEncoding = 4; lastKnownFileType = sourcecode.c.objc; name = MenuBarButton.m; path = "Interface Classes/MenuBarButton.m"; sourceTree = "<group>"; };
		EBDDAFA31A772EDB006EBA49 /* PredictionButton.h */ = {isa = PBXFileReference; fileEncoding = 4; lastKnownFileType = sourcecode.c.h; name = PredictionButton.h; path = "Interface Classes/PredictionButton.h"; sourceTree = "<group>"; };
		EBDDAFA41A772EDB006EBA49 /* PredictionButton.m */ = {isa = PBXFileReference; fileEncoding = 4; lastKnownFileType = sourcecode.c.objc; name = PredictionButton.m; path = "Interface Classes/PredictionButton.m"; sourceTree = "<group>"; };
		EBDDAFA61A7737A5006EBA49 /* DefaultBackground.jpg */ = {isa = PBXFileReference; lastKnownFileType = image.jpeg; name = DefaultBackground.jpg; path = Images/DefaultBackground.jpg; sourceTree = "<group>"; };
		EBDDAFA71A7737A5006EBA49 /* MenuButton.png */ = {isa = PBXFileReference; lastKnownFileType = image.png; name = MenuButton.png; path = Images/MenuButton.png; sourceTree = "<group>"; };
		EBDDAFA81A7737A5006EBA49 /* MenuButton@2x.png */ = {isa = PBXFileReference; lastKnownFileType = image.png; name = "MenuButton@2x.png"; path = "Images/MenuButton@2x.png"; sourceTree = "<group>"; };
		EBDDAFA91A7737A5006EBA49 /* PlusIcon.png */ = {isa = PBXFileReference; lastKnownFileType = image.png; name = PlusIcon.png; path = Images/PlusIcon.png; sourceTree = "<group>"; };
		EBDDAFAA1A7737A5006EBA49 /* PlusIcon@2x.png */ = {isa = PBXFileReference; lastKnownFileType = image.png; name = "PlusIcon@2x.png"; path = "Images/PlusIcon@2x.png"; sourceTree = "<group>"; };
		EBDDAFAB1A7737A5006EBA49 /* PredictButton_Selected.png */ = {isa = PBXFileReference; lastKnownFileType = image.png; name = PredictButton_Selected.png; path = Images/PredictButton_Selected.png; sourceTree = "<group>"; };
		EBDDAFAC1A7737A5006EBA49 /* PredictButton_Selected@2x.png */ = {isa = PBXFileReference; lastKnownFileType = image.png; name = "PredictButton_Selected@2x.png"; path = "Images/PredictButton_Selected@2x.png"; sourceTree = "<group>"; };
		EBDDAFAD1A7737A5006EBA49 /* PredictButton.png */ = {isa = PBXFileReference; lastKnownFileType = image.png; name = PredictButton.png; path = Images/PredictButton.png; sourceTree = "<group>"; };
		EBDDAFAE1A7737A5006EBA49 /* PredictButton@2x.png */ = {isa = PBXFileReference; lastKnownFileType = image.png; name = "PredictButton@2x.png"; path = "Images/PredictButton@2x.png"; sourceTree = "<group>"; };
		EBDDAFAF1A7737A5006EBA49 /* Roboto-Light.ttf */ = {isa = PBXFileReference; lastKnownFileType = file; name = "Roboto-Light.ttf"; path = "Images/Roboto-Light.ttf"; sourceTree = "<group>"; };
		EBDDAFB01A7737A5006EBA49 /* Roboto-Medium.ttf */ = {isa = PBXFileReference; lastKnownFileType = file; name = "Roboto-Medium.ttf"; path = "Images/Roboto-Medium.ttf"; sourceTree = "<group>"; };
		EBDDAFBD1A773D6C006EBA49 /* cloudy.html */ = {isa = PBXFileReference; fileEncoding = 4; lastKnownFileType = text.html; name = cloudy.html; path = Skycons/cloudy.html; sourceTree = "<group>"; };
		EBDDAFBE1A773D6C006EBA49 /* cloudy1.html */ = {isa = PBXFileReference; fileEncoding = 4; lastKnownFileType = text.html; name = cloudy1.html; path = Skycons/cloudy1.html; sourceTree = "<group>"; };
		EBDDAFBF1A773D6C006EBA49 /* fog.html */ = {isa = PBXFileReference; fileEncoding = 4; lastKnownFileType = text.html; name = fog.html; path = Skycons/fog.html; sourceTree = "<group>"; };
		EBDDAFC01A773D6C006EBA49 /* fog1.html */ = {isa = PBXFileReference; fileEncoding = 4; lastKnownFileType = text.html; name = fog1.html; path = Skycons/fog1.html; sourceTree = "<group>"; };
		EBDDAFC11A773D6C006EBA49 /* nightclear.html */ = {isa = PBXFileReference; fileEncoding = 4; lastKnownFileType = text.html; name = nightclear.html; path = Skycons/nightclear.html; sourceTree = "<group>"; };
		EBDDAFC21A773D6C006EBA49 /* nightclear1.html */ = {isa = PBXFileReference; fileEncoding = 4; lastKnownFileType = text.html; name = nightclear1.html; path = Skycons/nightclear1.html; sourceTree = "<group>"; };
		EBDDAFC31A773D6C006EBA49 /* partlycloudyday.html */ = {isa = PBXFileReference; fileEncoding = 4; lastKnownFileType = text.html; name = partlycloudyday.html; path = Skycons/partlycloudyday.html; sourceTree = "<group>"; };
		EBDDAFC41A773D6C006EBA49 /* partlycloudyday1.html */ = {isa = PBXFileReference; fileEncoding = 4; lastKnownFileType = text.html; name = partlycloudyday1.html; path = Skycons/partlycloudyday1.html; sourceTree = "<group>"; };
		EBDDAFC51A773D6C006EBA49 /* partlycloudynight.html */ = {isa = PBXFileReference; fileEncoding = 4; lastKnownFileType = text.html; name = partlycloudynight.html; path = Skycons/partlycloudynight.html; sourceTree = "<group>"; };
		EBDDAFC61A773D6C006EBA49 /* partlycloudynight1.html */ = {isa = PBXFileReference; fileEncoding = 4; lastKnownFileType = text.html; name = partlycloudynight1.html; path = Skycons/partlycloudynight1.html; sourceTree = "<group>"; };
		EBDDAFC71A773D6C006EBA49 /* rain.html */ = {isa = PBXFileReference; fileEncoding = 4; lastKnownFileType = text.html; name = rain.html; path = Skycons/rain.html; sourceTree = "<group>"; };
		EBDDAFC81A773D6C006EBA49 /* rain1.html */ = {isa = PBXFileReference; fileEncoding = 4; lastKnownFileType = text.html; name = rain1.html; path = Skycons/rain1.html; sourceTree = "<group>"; };
		EBDDAFC91A773D6C006EBA49 /* skycons.js */ = {isa = PBXFileReference; fileEncoding = 4; lastKnownFileType = sourcecode.javascript; name = skycons.js; path = Skycons/skycons.js; sourceTree = "<group>"; };
		EBDDAFCA1A773D6C006EBA49 /* sleet.html */ = {isa = PBXFileReference; fileEncoding = 4; lastKnownFileType = text.html; name = sleet.html; path = Skycons/sleet.html; sourceTree = "<group>"; };
		EBDDAFCB1A773D6C006EBA49 /* sleet1.html */ = {isa = PBXFileReference; fileEncoding = 4; lastKnownFileType = text.html; name = sleet1.html; path = Skycons/sleet1.html; sourceTree = "<group>"; };
		EBDDAFCC1A773D6C006EBA49 /* snow.html */ = {isa = PBXFileReference; fileEncoding = 4; lastKnownFileType = text.html; name = snow.html; path = Skycons/snow.html; sourceTree = "<group>"; };
		EBDDAFCD1A773D6C006EBA49 /* snow1.html */ = {isa = PBXFileReference; fileEncoding = 4; lastKnownFileType = text.html; name = snow1.html; path = Skycons/snow1.html; sourceTree = "<group>"; };
		EBDDAFCE1A773D6C006EBA49 /* sun.html */ = {isa = PBXFileReference; fileEncoding = 4; lastKnownFileType = text.html; name = sun.html; path = Skycons/sun.html; sourceTree = "<group>"; };
		EBDDAFCF1A773D6C006EBA49 /* sun1.html */ = {isa = PBXFileReference; fileEncoding = 4; lastKnownFileType = text.html; name = sun1.html; path = Skycons/sun1.html; sourceTree = "<group>"; };
		EBDDAFD01A773D6C006EBA49 /* wind.html */ = {isa = PBXFileReference; fileEncoding = 4; lastKnownFileType = text.html; name = wind.html; path = Skycons/wind.html; sourceTree = "<group>"; };
		EBDDAFD11A773D6C006EBA49 /* wind1.html */ = {isa = PBXFileReference; fileEncoding = 4; lastKnownFileType = text.html; name = wind1.html; path = Skycons/wind1.html; sourceTree = "<group>"; };
		EBDDAFE71A773DA1006EBA49 /* WeatherData.h */ = {isa = PBXFileReference; fileEncoding = 4; lastKnownFileType = sourcecode.c.h; name = WeatherData.h; path = "Data Classes/WeatherData.h"; sourceTree = "<group>"; };
		EBDDAFE81A773DA1006EBA49 /* WeatherData.m */ = {isa = PBXFileReference; fileEncoding = 4; lastKnownFileType = sourcecode.c.objc; name = WeatherData.m; path = "Data Classes/WeatherData.m"; sourceTree = "<group>"; };
		EBDDAFEA1A777672006EBA49 /* AnimatedWeatherView.h */ = {isa = PBXFileReference; fileEncoding = 4; lastKnownFileType = sourcecode.c.h; name = AnimatedWeatherView.h; path = "Interface Classes/AnimatedWeatherView.h"; sourceTree = "<group>"; };
		EBDDAFEB1A777672006EBA49 /* AnimatedWeatherView.m */ = {isa = PBXFileReference; fileEncoding = 4; lastKnownFileType = sourcecode.c.objc; name = AnimatedWeatherView.m; path = "Interface Classes/AnimatedWeatherView.m"; sourceTree = "<group>"; };
		EBDDAFED1A777934006EBA49 /* DetailedWeatherReport.h */ = {isa = PBXFileReference; fileEncoding = 4; lastKnownFileType = sourcecode.c.h; name = DetailedWeatherReport.h; path = "Interface Classes/DetailedWeatherReport.h"; sourceTree = "<group>"; };
		EBDDAFEE1A777934006EBA49 /* DetailedWeatherReport.m */ = {isa = PBXFileReference; fileEncoding = 4; lastKnownFileType = sourcecode.c.objc; name = DetailedWeatherReport.m; path = "Interface Classes/DetailedWeatherReport.m"; sourceTree = "<group>"; };
		EBE2898917714AB000E0CFB0 /* MainStoryboard.storyboard */ = {isa = PBXFileReference; fileEncoding = 4; lastKnownFileType = file.storyboard; path = MainStoryboard.storyboard; sourceTree = "<group>"; };
/* End PBXFileReference section */

/* Begin PBXFrameworksBuildPhase section */
		EB723677176414310041BD39 /* Frameworks */ = {
			isa = PBXFrameworksBuildPhase;
			buildActionMask = 2147483647;
			files = (
				EB3A2D681764F55400DC9F71 /* MobileCoreServices.framework in Frameworks */,
				EB3A2D701764F56600DC9F71 /* AddressBookUI.framework in Frameworks */,
				EB3A2D6E1764F56200DC9F71 /* CoreLocation.framework in Frameworks */,
				EB3A2D6A1764F55800DC9F71 /* SystemConfiguration.framework in Frameworks */,
				EB3A2D661764F54E00DC9F71 /* AVFoundation.framework in Frameworks */,
				EB7236F5176415230041BD39 /* QuartzCore.framework in Frameworks */,
				EB72367E176414310041BD39 /* UIKit.framework in Frameworks */,
				EB723680176414310041BD39 /* Foundation.framework in Frameworks */,
				EB723682176414310041BD39 /* CoreGraphics.framework in Frameworks */,
			);
			runOnlyForDeploymentPostprocessing = 0;
		};
		EB72369F176414310041BD39 /* Frameworks */ = {
			isa = PBXFrameworksBuildPhase;
			buildActionMask = 2147483647;
			files = (
				EB7236A6176414310041BD39 /* UIKit.framework in Frameworks */,
				EB7236A7176414310041BD39 /* Foundation.framework in Frameworks */,
			);
			runOnlyForDeploymentPostprocessing = 0;
		};
/* End PBXFrameworksBuildPhase section */

/* Begin PBXGroup section */
		EB723671176414310041BD39 = {
			isa = PBXGroup;
			children = (
				EB723683176414310041BD39 /* Wear Pants */,
				EB7236AA176414310041BD39 /* Wear PantsTests */,
				EB72367C176414310041BD39 /* Frameworks */,
				EB72367B176414310041BD39 /* Products */,
			);
			sourceTree = "<group>";
		};
		EB72367B176414310041BD39 /* Products */ = {
			isa = PBXGroup;
			children = (
				EB72367A176414310041BD39 /* Wear Pants.app */,
				EB7236A3176414310041BD39 /* Wear PantsTests.xctest */,
			);
			name = Products;
			sourceTree = "<group>";
		};
		EB72367C176414310041BD39 /* Frameworks */ = {
			isa = PBXGroup;
			children = (
				EB3A2D6F1764F56600DC9F71 /* AddressBookUI.framework */,
				EB3A2D6D1764F56200DC9F71 /* CoreLocation.framework */,
				EB3A2D6B1764F55C00DC9F71 /* MapKit.framework */,
				EB3A2D691764F55800DC9F71 /* SystemConfiguration.framework */,
				EB3A2D671764F55400DC9F71 /* MobileCoreServices.framework */,
				EB3A2D651764F54E00DC9F71 /* AVFoundation.framework */,
				EB7236F4176415230041BD39 /* QuartzCore.framework */,
				EB72367D176414310041BD39 /* UIKit.framework */,
				EB72367F176414310041BD39 /* Foundation.framework */,
				EB723681176414310041BD39 /* CoreGraphics.framework */,
			);
			name = Frameworks;
			sourceTree = "<group>";
		};
		EB723683176414310041BD39 /* Wear Pants */ = {
			isa = PBXGroup;
			children = (
				EBDDAFBC1A7738CB006EBA49 /* Data Classes */,
				EBDDAF9A1A771CC8006EBA49 /* Interface Classes */,
				EBDDAFA21A772D60006EBA49 /* Main Classes */,
				EB723684176414310041BD39 /* Supporting Files */,
			);
			path = "Wear Pants";
			sourceTree = "<group>";
		};
		EB723684176414310041BD39 /* Supporting Files */ = {
			isa = PBXGroup;
			children = (
				EB7236BB176414C30041BD39 /* Drawer Classes */,
				EB87E3F41A649824004F6B9A /* Images.xcassets */,
				EBE2898917714AB000E0CFB0 /* MainStoryboard.storyboard */,
				EB7D378F177248A700D331C7 /* ViewControllerDelegate.h */,
				EB723685176414310041BD39 /* Wear Pants-Info.plist */,
				EB723686176414310041BD39 /* InfoPlist.strings */,
				EB723689176414310041BD39 /* main.m */,
				EB72368B176414310041BD39 /* Wear Pants-Prefix.pch */,
			);
			name = "Supporting Files";
			sourceTree = "<group>";
		};
		EB7236AA176414310041BD39 /* Wear PantsTests */ = {
			isa = PBXGroup;
			children = (
				EB7236B0176414310041BD39 /* Wear_PantsTests.h */,
				EB7236B1176414310041BD39 /* Wear_PantsTests.m */,
				EB7236AB176414310041BD39 /* Supporting Files */,
			);
			path = "Wear PantsTests";
			sourceTree = "<group>";
		};
		EB7236AB176414310041BD39 /* Supporting Files */ = {
			isa = PBXGroup;
			children = (
				EB7236AC176414310041BD39 /* Wear PantsTests-Info.plist */,
				EB7236AD176414310041BD39 /* InfoPlist.strings */,
			);
			name = "Supporting Files";
			sourceTree = "<group>";
		};
		EB7236BB176414C30041BD39 /* Drawer Classes */ = {
			isa = PBXGroup;
			children = (
				EBDDAF791A7716A5006EBA49 /* MMDrawerBarButtonItem.h */,
				EBDDAF7A1A7716A5006EBA49 /* MMDrawerBarButtonItem.m */,
				EBDDAF7B1A7716A5006EBA49 /* MMDrawerController.h */,
				EBDDAF7C1A7716A5006EBA49 /* MMDrawerController.m */,
				EBDDAF7D1A7716A5006EBA49 /* MMDrawerVisualState.h */,
				EBDDAF7E1A7716A5006EBA49 /* MMDrawerVisualState.m */,
				EBDDAF7F1A7716A5006EBA49 /* MMExampleDrawerVisualStateManager.h */,
				EBDDAF801A7716A5006EBA49 /* MMExampleDrawerVisualStateManager.m */,
				EBDDAF811A7716A5006EBA49 /* MMExampleLeftSideDrawerViewController.h */,
				EBDDAF821A7716A5006EBA49 /* MMExampleLeftSideDrawerViewController.m */,
				EBDDAF831A7716A5006EBA49 /* MMExampleSideDrawerViewController.h */,
				EBDDAF841A7716A5006EBA49 /* MMExampleSideDrawerViewController.m */,
				EBDDAF851A7716A5006EBA49 /* MMSideDrawerSectionHeaderView.h */,
				EBDDAF861A7716A5006EBA49 /* MMSideDrawerSectionHeaderView.m */,
				EBDDAF871A7716A5006EBA49 /* MMSideDrawerTableViewCell.h */,
				EBDDAF881A7716A5006EBA49 /* MMSideDrawerTableViewCell.m */,
				EBDDAF891A7716A5006EBA49 /* MMTableViewCell.h */,
				EBDDAF8A1A7716A5006EBA49 /* MMTableViewCell.m */,
				EBDDAF8B1A7716A5006EBA49 /* UIViewController+MMDrawerController.h */,
				EBDDAF8C1A7716A5006EBA49 /* UIViewController+MMDrawerController.m */,
			);
			name = "Drawer Classes";
			sourceTree = "<group>";
		};
		EB8CA016176D1A0300BAD349 /* Skycons */ = {
			isa = PBXGroup;
			children = (
				EBDDAFBD1A773D6C006EBA49 /* cloudy.html */,
				EBDDAFBE1A773D6C006EBA49 /* cloudy1.html */,
				EBDDAFBF1A773D6C006EBA49 /* fog.html */,
				EBDDAFC01A773D6C006EBA49 /* fog1.html */,
				EBDDAFC11A773D6C006EBA49 /* nightclear.html */,
				EBDDAFC21A773D6C006EBA49 /* nightclear1.html */,
				EBDDAFC31A773D6C006EBA49 /* partlycloudyday.html */,
				EBDDAFC41A773D6C006EBA49 /* partlycloudyday1.html */,
				EBDDAFC51A773D6C006EBA49 /* partlycloudynight.html */,
				EBDDAFC61A773D6C006EBA49 /* partlycloudynight1.html */,
				EBDDAFC71A773D6C006EBA49 /* rain.html */,
				EBDDAFC81A773D6C006EBA49 /* rain1.html */,
				EBDDAFC91A773D6C006EBA49 /* skycons.js */,
				EBDDAFCA1A773D6C006EBA49 /* sleet.html */,
				EBDDAFCB1A773D6C006EBA49 /* sleet1.html */,
				EBDDAFCC1A773D6C006EBA49 /* snow.html */,
				EBDDAFCD1A773D6C006EBA49 /* snow1.html */,
				EBDDAFCE1A773D6C006EBA49 /* sun.html */,
				EBDDAFCF1A773D6C006EBA49 /* sun1.html */,
				EBDDAFD01A773D6C006EBA49 /* wind.html */,
				EBDDAFD11A773D6C006EBA49 /* wind1.html */,
			);
			name = Skycons;
			sourceTree = "<group>";
		};
		EBDDAF9A1A771CC8006EBA49 /* Interface Classes */ = {
			isa = PBXGroup;
			children = (
				EBDDAFA11A772CE0006EBA49 /* Images */,
				EB8CA016176D1A0300BAD349 /* Skycons */,
				EBDDAFEA1A777672006EBA49 /* AnimatedWeatherView.h */,
				EBDDAFEB1A777672006EBA49 /* AnimatedWeatherView.m */,
				EBDDAFED1A777934006EBA49 /* DetailedWeatherReport.h */,
				EBDDAFEE1A777934006EBA49 /* DetailedWeatherReport.m */,
				EBDDAF9E1A772620006EBA49 /* MenuBarButton.h */,
				EBDDAF9F1A772620006EBA49 /* MenuBarButton.m */,
				EBDDAFA31A772EDB006EBA49 /* PredictionButton.h */,
				EBDDAFA41A772EDB006EBA49 /* PredictionButton.m */,
				EBDDAF971A771CBE006EBA49 /* RobotoFont.h */,
				EBDDAF981A771CBE006EBA49 /* RobotoFont.m */,
			);
			name = "Interface Classes";
			sourceTree = "<group>";
		};
		EBDDAFA11A772CE0006EBA49 /* Images */ = {
			isa = PBXGroup;
			children = (
				EBDDAFA61A7737A5006EBA49 /* DefaultBackground.jpg */,
				EBDDAFA71A7737A5006EBA49 /* MenuButton.png */,
				EBDDAFA81A7737A5006EBA49 /* MenuButton@2x.png */,
				EBDDAFA91A7737A5006EBA49 /* PlusIcon.png */,
				EBDDAFAA1A7737A5006EBA49 /* PlusIcon@2x.png */,
				EBDDAFAB1A7737A5006EBA49 /* PredictButton_Selected.png */,
				EBDDAFAC1A7737A5006EBA49 /* PredictButton_Selected@2x.png */,
				EBDDAFAD1A7737A5006EBA49 /* PredictButton.png */,
				EBDDAFAE1A7737A5006EBA49 /* PredictButton@2x.png */,
				EBDDAFAF1A7737A5006EBA49 /* Roboto-Light.ttf */,
				EBDDAFB01A7737A5006EBA49 /* Roboto-Medium.ttf */,
			);
			name = Images;
			sourceTree = "<group>";
		};
		EBDDAFA21A772D60006EBA49 /* Main Classes */ = {
			isa = PBXGroup;
			children = (
				EB72368C176414310041BD39 /* AppDelegate.h */,
				EB72368D176414310041BD39 /* AppDelegate.m */,
				EB39DE2B1770E28600442F3A /* AddCityViewController.h */,
				EB39DE2C1770E28600442F3A /* AddCityViewController.m */,
				EB723695176414310041BD39 /* ViewController.h */,
				EB723696176414310041BD39 /* ViewController.m */,
			);
			name = "Main Classes";
			sourceTree = "<group>";
		};
		EBDDAFBC1A7738CB006EBA49 /* Data Classes */ = {
			isa = PBXGroup;
			children = (
				EB3A2D621764F51D00DC9F71 /* Reachability.h */,
				EB3A2D631764F51D00DC9F71 /* Reachability.m */,
				EBDDAFE71A773DA1006EBA49 /* WeatherData.h */,
				EBDDAFE81A773DA1006EBA49 /* WeatherData.m */,
				EB3A2DC51765079C00DC9F71 /* UIImage+StackBlur.h */,
				EB3A2DC61765079D00DC9F71 /* UIImage+StackBlur.m */,
				EB39DE221770D31E00442F3A /* USLocation.h */,
				EB39DE241770D8BA00442F3A /* USLocation.m */,
			);
			name = "Data Classes";
			sourceTree = "<group>";
		};
/* End PBXGroup section */

/* Begin PBXNativeTarget section */
		EB723679176414310041BD39 /* Wear Pants */ = {
			isa = PBXNativeTarget;
			buildConfigurationList = EB7236B5176414310041BD39 /* Build configuration list for PBXNativeTarget "Wear Pants" */;
			buildPhases = (
				EB723676176414310041BD39 /* Sources */,
				EB723677176414310041BD39 /* Frameworks */,
				EB723678176414310041BD39 /* Resources */,
			);
			buildRules = (
			);
			dependencies = (
			);
			name = "Wear Pants";
			productName = "Wear Pants";
			productReference = EB72367A176414310041BD39 /* Wear Pants.app */;
			productType = "com.apple.product-type.application";
		};
		EB7236A2176414310041BD39 /* Wear PantsTests */ = {
			isa = PBXNativeTarget;
			buildConfigurationList = EB7236B8176414310041BD39 /* Build configuration list for PBXNativeTarget "Wear PantsTests" */;
			buildPhases = (
				EB72369E176414310041BD39 /* Sources */,
				EB72369F176414310041BD39 /* Frameworks */,
				EB7236A0176414310041BD39 /* Resources */,
				EB7236A1176414310041BD39 /* ShellScript */,
			);
			buildRules = (
			);
			dependencies = (
				EB7236A9176414310041BD39 /* PBXTargetDependency */,
			);
			name = "Wear PantsTests";
			productName = "Wear PantsTests";
			productReference = EB7236A3176414310041BD39 /* Wear PantsTests.xctest */;
			productType = "com.apple.product-type.bundle.unit-test";
		};
/* End PBXNativeTarget section */

/* Begin PBXProject section */
		EB723672176414310041BD39 /* Project object */ = {
			isa = PBXProject;
			attributes = {
				LastTestingUpgradeCheck = 0610;
				LastUpgradeCheck = 0460;
				ORGANIZATIONNAME = "Sony Theakanath";
				TargetAttributes = {
					EB723679176414310041BD39 = {
						DevelopmentTeam = SNE84GN9W7;
					};
				};
			};
			buildConfigurationList = EB723675176414310041BD39 /* Build configuration list for PBXProject "Wear Pants" */;
			compatibilityVersion = "Xcode 3.2";
			developmentRegion = English;
			hasScannedForEncodings = 0;
			knownRegions = (
				en,
			);
			mainGroup = EB723671176414310041BD39;
			productRefGroup = EB72367B176414310041BD39 /* Products */;
			projectDirPath = "";
			projectRoot = "";
			targets = (
				EB723679176414310041BD39 /* Wear Pants */,
				EB7236A2176414310041BD39 /* Wear PantsTests */,
			);
		};
/* End PBXProject section */

/* Begin PBXResourcesBuildPhase section */
		EB723678176414310041BD39 /* Resources */ = {
			isa = PBXResourcesBuildPhase;
			buildActionMask = 2147483647;
			files = (
				EB7D3790177249C600D331C7 /* ViewControllerDelegate.h in Resources */,
				EBDDAFD51A773D6C006EBA49 /* fog1.html in Resources */,
				EBDDAFE01A773D6C006EBA49 /* sleet1.html in Resources */,
				EBDDAFB51A7737A5006EBA49 /* PlusIcon@2x.png in Resources */,
				EBDDAFB11A7737A5006EBA49 /* DefaultBackground.jpg in Resources */,
				EBDDAFE21A773D6C006EBA49 /* snow1.html in Resources */,
				EBDDAFDD1A773D6C006EBA49 /* rain1.html in Resources */,
				EBDDAFB61A7737A5006EBA49 /* PredictButton_Selected.png in Resources */,
				EBDDAFD91A773D6C006EBA49 /* partlycloudyday1.html in Resources */,
				EBDDAFDE1A773D6C006EBA49 /* skycons.js in Resources */,
				EBDDAFD81A773D6C006EBA49 /* partlycloudyday.html in Resources */,
				EB723688176414310041BD39 /* InfoPlist.strings in Resources */,
				EBDDAFD41A773D6C006EBA49 /* fog.html in Resources */,
				EBDDAFE51A773D6C006EBA49 /* wind.html in Resources */,
				EBDDAFBB1A7737A5006EBA49 /* Roboto-Medium.ttf in Resources */,
				EBDDAFE31A773D6C006EBA49 /* sun.html in Resources */,
				EBDDAFE11A773D6C006EBA49 /* snow.html in Resources */,
				EBDDAFB71A7737A5006EBA49 /* PredictButton_Selected@2x.png in Resources */,
				EBDDAFB91A7737A5006EBA49 /* PredictButton@2x.png in Resources */,
				EBDDAFB41A7737A5006EBA49 /* PlusIcon.png in Resources */,
				EBDDAFE61A773D6C006EBA49 /* wind1.html in Resources */,
				EBDDAFB81A7737A5006EBA49 /* PredictButton.png in Resources */,
				EBDDAFD71A773D6C006EBA49 /* nightclear1.html in Resources */,
				EBDDAFDA1A773D6C006EBA49 /* partlycloudynight.html in Resources */,
				EBDDAFB21A7737A5006EBA49 /* MenuButton.png in Resources */,
				EBDDAFE41A773D6C006EBA49 /* sun1.html in Resources */,
				EBDDAFB31A7737A5006EBA49 /* MenuButton@2x.png in Resources */,
				EBE2898A17714AB000E0CFB0 /* MainStoryboard.storyboard in Resources */,
				EBDDAFD61A773D6C006EBA49 /* nightclear.html in Resources */,
				EB87E3F51A649824004F6B9A /* Images.xcassets in Resources */,
				EBDDAFDF1A773D6C006EBA49 /* sleet.html in Resources */,
				EBDDAFD21A773D6C006EBA49 /* cloudy.html in Resources */,
				EBDDAFDC1A773D6C006EBA49 /* rain.html in Resources */,
				EBDDAFD31A773D6C006EBA49 /* cloudy1.html in Resources */,
				EBDDAFBA1A7737A5006EBA49 /* Roboto-Light.ttf in Resources */,
				EBDDAFDB1A773D6C006EBA49 /* partlycloudynight1.html in Resources */,
			);
			runOnlyForDeploymentPostprocessing = 0;
		};
		EB7236A0176414310041BD39 /* Resources */ = {
			isa = PBXResourcesBuildPhase;
			buildActionMask = 2147483647;
			files = (
				EB7236AF176414310041BD39 /* InfoPlist.strings in Resources */,
			);
			runOnlyForDeploymentPostprocessing = 0;
		};
/* End PBXResourcesBuildPhase section */

/* Begin PBXShellScriptBuildPhase section */
		EB7236A1176414310041BD39 /* ShellScript */ = {
			isa = PBXShellScriptBuildPhase;
			buildActionMask = 2147483647;
			files = (
			);
			inputPaths = (
			);
			outputPaths = (
			);
			runOnlyForDeploymentPostprocessing = 0;
			shellPath = /bin/sh;
			shellScript = "# Run the unit tests in this test bundle.\n\"${SYSTEM_DEVELOPER_DIR}/Tools/RunUnitTests\"\n";
		};
/* End PBXShellScriptBuildPhase section */

/* Begin PBXSourcesBuildPhase section */
		EB723676176414310041BD39 /* Sources */ = {
			isa = PBXSourcesBuildPhase;
			buildActionMask = 2147483647;
			files = (
				EB72368A176414310041BD39 /* main.m in Sources */,
				EBDDAFEC1A777672006EBA49 /* AnimatedWeatherView.m in Sources */,
				EBDDAFEF1A777934006EBA49 /* DetailedWeatherReport.m in Sources */,
				EBDDAF921A7716A5006EBA49 /* MMExampleSideDrawerViewController.m in Sources */,
				EBDDAF901A7716A5006EBA49 /* MMExampleDrawerVisualStateManager.m in Sources */,
				EB72368E176414310041BD39 /* AppDelegate.m in Sources */,
				EBDDAF931A7716A5006EBA49 /* MMSideDrawerSectionHeaderView.m in Sources */,
				EBDDAFA01A772620006EBA49 /* MenuBarButton.m in Sources */,
				EBDDAFA51A772EDB006EBA49 /* PredictionButton.m in Sources */,
				EBDDAFE91A773DA1006EBA49 /* WeatherData.m in Sources */,
				EBDDAF8F1A7716A5006EBA49 /* MMDrawerVisualState.m in Sources */,
				EBDDAF911A7716A5006EBA49 /* MMExampleLeftSideDrawerViewController.m in Sources */,
				EB723697176414310041BD39 /* ViewController.m in Sources */,
				EBDDAF991A771CBE006EBA49 /* RobotoFont.m in Sources */,
				EB3A2D641764F51D00DC9F71 /* Reachability.m in Sources */,
				EBDDAF951A7716A5006EBA49 /* MMTableViewCell.m in Sources */,
				EBDDAF8D1A7716A5006EBA49 /* MMDrawerBarButtonItem.m in Sources */,
				EB3A2DC71765079D00DC9F71 /* UIImage+StackBlur.m in Sources */,
				EBDDAF8E1A7716A5006EBA49 /* MMDrawerController.m in Sources */,
				EB39DE251770D8BA00442F3A /* USLocation.m in Sources */,
				EBDDAF941A7716A5006EBA49 /* MMSideDrawerTableViewCell.m in Sources */,
				EBDDAF961A7716A5006EBA49 /* UIViewController+MMDrawerController.m in Sources */,
				EB39DE2D1770E28600442F3A /* AddCityViewController.m in Sources */,
			);
			runOnlyForDeploymentPostprocessing = 0;
		};
		EB72369E176414310041BD39 /* Sources */ = {
			isa = PBXSourcesBuildPhase;
			buildActionMask = 2147483647;
			files = (
				EB7236B2176414310041BD39 /* Wear_PantsTests.m in Sources */,
			);
			runOnlyForDeploymentPostprocessing = 0;
		};
/* End PBXSourcesBuildPhase section */

/* Begin PBXTargetDependency section */
		EB7236A9176414310041BD39 /* PBXTargetDependency */ = {
			isa = PBXTargetDependency;
			target = EB723679176414310041BD39 /* Wear Pants */;
			targetProxy = EB7236A8176414310041BD39 /* PBXContainerItemProxy */;
		};
/* End PBXTargetDependency section */

/* Begin PBXVariantGroup section */
		EB723686176414310041BD39 /* InfoPlist.strings */ = {
			isa = PBXVariantGroup;
			children = (
				EB723687176414310041BD39 /* en */,
			);
			name = InfoPlist.strings;
			sourceTree = "<group>";
		};
		EB7236AD176414310041BD39 /* InfoPlist.strings */ = {
			isa = PBXVariantGroup;
			children = (
				EB7236AE176414310041BD39 /* en */,
			);
			name = InfoPlist.strings;
			sourceTree = "<group>";
		};
/* End PBXVariantGroup section */

/* Begin XCBuildConfiguration section */
		EB7236B3176414310041BD39 /* Debug */ = {
			isa = XCBuildConfiguration;
			buildSettings = {
				ALWAYS_SEARCH_USER_PATHS = NO;
				CLANG_CXX_LANGUAGE_STANDARD = "gnu++0x";
				CLANG_CXX_LIBRARY = "libc++";
				CLANG_ENABLE_OBJC_ARC = YES;
				CLANG_WARN_CONSTANT_CONVERSION = YES;
				CLANG_WARN_EMPTY_BODY = YES;
				CLANG_WARN_ENUM_CONVERSION = YES;
				CLANG_WARN_INT_CONVERSION = YES;
				CLANG_WARN__DUPLICATE_METHOD_MATCH = YES;
				CODE_SIGN_IDENTITY = "iPhone Distribution: Kuriakose Theakanath";
				"CODE_SIGN_IDENTITY[sdk=iphoneos*]" = "iPhone Distribution: Kuriakose Theakanath";
				COPY_PHASE_STRIP = NO;
				GCC_C_LANGUAGE_STANDARD = gnu99;
				GCC_DYNAMIC_NO_PIC = NO;
				GCC_OPTIMIZATION_LEVEL = 0;
				GCC_PREPROCESSOR_DEFINITIONS = (
					"DEBUG=1",
					"$(inherited)",
				);
				GCC_SYMBOLS_PRIVATE_EXTERN = NO;
				GCC_WARN_ABOUT_RETURN_TYPE = YES;
				GCC_WARN_UNINITIALIZED_AUTOS = YES;
				GCC_WARN_UNUSED_VARIABLE = YES;
				IPHONEOS_DEPLOYMENT_TARGET = 6.1;
				ONLY_ACTIVE_ARCH = YES;
				SDKROOT = iphoneos;
				TARGETED_DEVICE_FAMILY = "1,2";
			};
			name = Debug;
		};
		EB7236B4176414310041BD39 /* Release */ = {
			isa = XCBuildConfiguration;
			buildSettings = {
				ALWAYS_SEARCH_USER_PATHS = NO;
				CLANG_CXX_LANGUAGE_STANDARD = "gnu++0x";
				CLANG_CXX_LIBRARY = "libc++";
				CLANG_ENABLE_OBJC_ARC = YES;
				CLANG_WARN_CONSTANT_CONVERSION = YES;
				CLANG_WARN_EMPTY_BODY = YES;
				CLANG_WARN_ENUM_CONVERSION = YES;
				CLANG_WARN_INT_CONVERSION = YES;
				CLANG_WARN__DUPLICATE_METHOD_MATCH = YES;
				CODE_SIGN_IDENTITY = "iPhone Distribution: Kuriakose Theakanath";
				"CODE_SIGN_IDENTITY[sdk=iphoneos*]" = "iPhone Distribution: Kuriakose Theakanath";
				COPY_PHASE_STRIP = YES;
				GCC_C_LANGUAGE_STANDARD = gnu99;
				GCC_OPTIMIZATION_LEVEL = s;
				GCC_WARN_ABOUT_RETURN_TYPE = YES;
				GCC_WARN_UNINITIALIZED_AUTOS = YES;
				GCC_WARN_UNUSED_VARIABLE = YES;
				IPHONEOS_DEPLOYMENT_TARGET = 6.1;
				OTHER_CFLAGS = "-DNS_BLOCK_ASSERTIONS=1";
				SDKROOT = iphoneos;
				TARGETED_DEVICE_FAMILY = "1,2";
				VALIDATE_PRODUCT = YES;
			};
			name = Release;
		};
		EB7236B6176414310041BD39 /* Debug */ = {
			isa = XCBuildConfiguration;
			buildSettings = {
				ASSETCATALOG_COMPILER_APPICON_NAME = AppIcon;
				ASSETCATALOG_COMPILER_LAUNCHIMAGE_NAME = LaunchImage;
				CODE_SIGN_IDENTITY = "iPhone Developer";
				"CODE_SIGN_IDENTITY[sdk=iphoneos*]" = "iPhone Developer";
				GCC_PRECOMPILE_PREFIX_HEADER = YES;
				GCC_PREFIX_HEADER = "Wear Pants/Wear Pants-Prefix.pch";
				INFOPLIST_FILE = "Wear Pants/Wear Pants-Info.plist";
				IPHONEOS_DEPLOYMENT_TARGET = 8.0;
				PRODUCT_NAME = "$(TARGET_NAME)";
				PROVISIONING_PROFILE = "";
				WRAPPER_EXTENSION = app;
			};
			name = Debug;
		};
		EB7236B7176414310041BD39 /* Release */ = {
			isa = XCBuildConfiguration;
			buildSettings = {
				ASSETCATALOG_COMPILER_APPICON_NAME = AppIcon;
				ASSETCATALOG_COMPILER_LAUNCHIMAGE_NAME = LaunchImage;
				CODE_SIGN_IDENTITY = "iPhone Developer";
				"CODE_SIGN_IDENTITY[sdk=iphoneos*]" = "iPhone Developer";
				GCC_PRECOMPILE_PREFIX_HEADER = YES;
				GCC_PREFIX_HEADER = "Wear Pants/Wear Pants-Prefix.pch";
				INFOPLIST_FILE = "Wear Pants/Wear Pants-Info.plist";
				IPHONEOS_DEPLOYMENT_TARGET = 8.0;
				PRODUCT_NAME = "$(TARGET_NAME)";
				PROVISIONING_PROFILE = "";
				WRAPPER_EXTENSION = app;
			};
			name = Release;
		};
		EB7236B9176414310041BD39 /* Debug */ = {
			isa = XCBuildConfiguration;
			buildSettings = {
				BUNDLE_LOADER = "$(BUILT_PRODUCTS_DIR)/Wear Pants.app/Wear Pants";
				FRAMEWORK_SEARCH_PATHS = (
					"\"$(SDKROOT)/Developer/Library/Frameworks\"",
					"\"$(DEVELOPER_LIBRARY_DIR)/Frameworks\"",
					"$(inherited)",
				);
				GCC_PRECOMPILE_PREFIX_HEADER = YES;
				GCC_PREFIX_HEADER = "Wear Pants/Wear Pants-Prefix.pch";
				INFOPLIST_FILE = "Wear PantsTests/Wear PantsTests-Info.plist";
				PRODUCT_NAME = "$(TARGET_NAME)";
				TEST_HOST = "$(BUNDLE_LOADER)";
			};
			name = Debug;
		};
		EB7236BA176414310041BD39 /* Release */ = {
			isa = XCBuildConfiguration;
			buildSettings = {
				BUNDLE_LOADER = "$(BUILT_PRODUCTS_DIR)/Wear Pants.app/Wear Pants";
				FRAMEWORK_SEARCH_PATHS = (
					"\"$(SDKROOT)/Developer/Library/Frameworks\"",
					"\"$(DEVELOPER_LIBRARY_DIR)/Frameworks\"",
					"$(inherited)",
				);
				GCC_PRECOMPILE_PREFIX_HEADER = YES;
				GCC_PREFIX_HEADER = "Wear Pants/Wear Pants-Prefix.pch";
				INFOPLIST_FILE = "Wear PantsTests/Wear PantsTests-Info.plist";
				PRODUCT_NAME = "$(TARGET_NAME)";
				TEST_HOST = "$(BUNDLE_LOADER)";
			};
			name = Release;
		};
/* End XCBuildConfiguration section */

/* Begin XCConfigurationList section */
		EB723675176414310041BD39 /* Build configuration list for PBXProject "Wear Pants" */ = {
			isa = XCConfigurationList;
			buildConfigurations = (
				EB7236B3176414310041BD39 /* Debug */,
				EB7236B4176414310041BD39 /* Release */,
			);
			defaultConfigurationIsVisible = 0;
			defaultConfigurationName = Release;
		};
		EB7236B5176414310041BD39 /* Build configuration list for PBXNativeTarget "Wear Pants" */ = {
			isa = XCConfigurationList;
			buildConfigurations = (
				EB7236B6176414310041BD39 /* Debug */,
				EB7236B7176414310041BD39 /* Release */,
			);
			defaultConfigurationIsVisible = 0;
			defaultConfigurationName = Release;
		};
		EB7236B8176414310041BD39 /* Build configuration list for PBXNativeTarget "Wear PantsTests" */ = {
			isa = XCConfigurationList;
			buildConfigurations = (
				EB7236B9176414310041BD39 /* Debug */,
				EB7236BA176414310041BD39 /* Release */,
			);
			defaultConfigurationIsVisible = 0;
			defaultConfigurationName = Release;
		};
/* End XCConfigurationList section */
	};
	rootObject = EB723672176414310041BD39 /* Project object */;
}
